
Microsoft Visual Studio Solution File, Format Version 12.00
# Visual Studio Version 17
VisualStudioVersion = 17.4.33122.133
MinimumVisualStudioVersion = 10.0.40219.1
Project("{FAE04EC0-301F-11D3-BF4B-00C04F79EFBC}") = "image converter", "image converter\image converter.csproj", "{E1861331-206F-49A5-9562-A4661261987D}"
EndProject
Global
	GlobalSection(SolutionConfigurationPlatforms) = preSolution
		Debug|Any CPU = Debug|Any CPU
		Release|Any CPU = Release|Any CPU
	EndGlobalSection
	GlobalSection(ProjectConfigurationPlatforms) = postSolution
		{E1861331-206F-49A5-9562-A4661261987D}.Debug|Any CPU.ActiveCfg = Debug|Any CPU
		{E1861331-206F-49A5-9562-A4661261987D}.Debug|Any CPU.Build.0 = Debug|Any CPU
		{E1861331-206F-49A5-9562-A4661261987D}.Release|Any CPU.ActiveCfg = Release|Any CPU
		{E1861331-206F-49A5-9562-A4661261987D}.Release|Any CPU.Build.0 = Release|Any CPU
	EndGlobalSection
	GlobalSection(SolutionProperties) = preSolution
		HideSolutionNode = FALSE
	EndGlobalSection
	GlobalSection(ExtensibilityGlobals) = postSolution
		SolutionGuid = {4301B3B6-93B7-4A54-9DD2-95F1741913EE}
	EndGlobalSection
EndGlobal
